
Microsoft Visual Studio Solution File, Format Version 12.00
# Visual Studio 15
VisualStudioVersion = 15.0.27703.2000
MinimumVisualStudioVersion = 10.0.40219.1
Project("{FAE04EC0-301F-11D3-BF4B-00C04F79EFBC}") = "TrainingConsole", "TrainingConsole\TrainingConsole.csproj", "{55608965-24DE-49D3-9C38-83DD2F9AA1A4}"
EndProject
Project("{FAE04EC0-301F-11D3-BF4B-00C04F79EFBC}") = "Test", "Test\Test.csproj", "{0AEA5366-858C-43E5-8457-5937201EF554}"
EndProject
Project("{FAE04EC0-301F-11D3-BF4B-00C04F79EFBC}") = "BookTasks", "BookTasks\BookTasks.csproj", "{973CE9A3-6BC1-4B37-94D3-F21090180C01}"
EndProject
Project("{FAE04EC0-301F-11D3-BF4B-00C04F79EFBC}") = "Sorts", "Sorts\Sorts.csproj", "{059A5F04-3F4A-42A9-B592-2D762A0D76AD}"
EndProject
Global
	GlobalSection(SolutionConfigurationPlatforms) = preSolution
		Debug|Any CPU = Debug|Any CPU
		Release|Any CPU = Release|Any CPU
	EndGlobalSection
	GlobalSection(ProjectConfigurationPlatforms) = postSolution
		{55608965-24DE-49D3-9C38-83DD2F9AA1A4}.Debug|Any CPU.ActiveCfg = Debug|Any CPU
		{55608965-24DE-49D3-9C38-83DD2F9AA1A4}.Debug|Any CPU.Build.0 = Debug|Any CPU
		{55608965-24DE-49D3-9C38-83DD2F9AA1A4}.Release|Any CPU.ActiveCfg = Release|Any CPU
		{55608965-24DE-49D3-9C38-83DD2F9AA1A4}.Release|Any CPU.Build.0 = Release|Any CPU
		{0AEA5366-858C-43E5-8457-5937201EF554}.Debug|Any CPU.ActiveCfg = Debug|Any CPU
		{0AEA5366-858C-43E5-8457-5937201EF554}.Debug|Any CPU.Build.0 = Debug|Any CPU
		{0AEA5366-858C-43E5-8457-5937201EF554}.Release|Any CPU.ActiveCfg = Release|Any CPU
		{0AEA5366-858C-43E5-8457-5937201EF554}.Release|Any CPU.Build.0 = Release|Any CPU
		{973CE9A3-6BC1-4B37-94D3-F21090180C01}.Debug|Any CPU.ActiveCfg = Debug|Any CPU
		{973CE9A3-6BC1-4B37-94D3-F21090180C01}.Debug|Any CPU.Build.0 = Debug|Any CPU
		{973CE9A3-6BC1-4B37-94D3-F21090180C01}.Release|Any CPU.ActiveCfg = Release|Any CPU
		{973CE9A3-6BC1-4B37-94D3-F21090180C01}.Release|Any CPU.Build.0 = Release|Any CPU
		{059A5F04-3F4A-42A9-B592-2D762A0D76AD}.Debug|Any CPU.ActiveCfg = Debug|Any CPU
		{059A5F04-3F4A-42A9-B592-2D762A0D76AD}.Debug|Any CPU.Build.0 = Debug|Any CPU
		{059A5F04-3F4A-42A9-B592-2D762A0D76AD}.Release|Any CPU.ActiveCfg = Release|Any CPU
		{059A5F04-3F4A-42A9-B592-2D762A0D76AD}.Release|Any CPU.Build.0 = Release|Any CPU
	EndGlobalSection
	GlobalSection(SolutionProperties) = preSolution
		HideSolutionNode = FALSE
	EndGlobalSection
	GlobalSection(ExtensibilityGlobals) = postSolution
		SolutionGuid = {F5B5A2F2-C3C9-407F-8649-EED0BDBEE9D4}
	EndGlobalSection
EndGlobal
